
Microsoft Visual Studio Solution File, Format Version 12.00
# Visual Studio Version 17
VisualStudioVersion = 17.10.34916.146
MinimumVisualStudioVersion = 10.0.40219.1
Project("{FAE04EC0-301F-11D3-BF4B-00C04F79EFBC}") = "Hulom-ClientLoan-System", "Hulom-ClientLoan-System.csproj", "{B40E6534-EEB2-484D-8D01-61FEFC3B026D}"
EndProject
Global
	GlobalSection(SolutionConfigurationPlatforms) = preSolution
		Debug|Any CPU = Debug|Any CPU
		Release|Any CPU = Release|Any CPU
	EndGlobalSection
	GlobalSection(ProjectConfigurationPlatforms) = postSolution
		{B40E6534-EEB2-484D-8D01-61FEFC3B026D}.Debug|Any CPU.ActiveCfg = Debug|Any CPU
		{B40E6534-EEB2-484D-8D01-61FEFC3B026D}.Debug|Any CPU.Build.0 = Debug|Any CPU
		{B40E6534-EEB2-484D-8D01-61FEFC3B026D}.Release|Any CPU.ActiveCfg = Release|Any CPU
		{B40E6534-EEB2-484D-8D01-61FEFC3B026D}.Release|Any CPU.Build.0 = Release|Any CPU
	EndGlobalSection
	GlobalSection(SolutionProperties) = preSolution
		HideSolutionNode = FALSE
	EndGlobalSection
	GlobalSection(ExtensibilityGlobals) = postSolution
		SolutionGuid = {7553F52B-853F-487F-B3CB-750033CC583C}
	EndGlobalSection
EndGlobal
